
Microsoft Visual Studio Solution File, Format Version 12.00
# Visual Studio Version 16
VisualStudioVersion = 16.0.34601.136
MinimumVisualStudioVersion = 10.0.40219.1
Project("{FAE04EC0-301F-11D3-BF4B-00C04F79EFBC}") = "ConsoleApp3", "ConsoleApp3\ConsoleApp3.csproj", "{AD847B21-2C2C-42A3-A7BE-8D70B6E14788}"
EndProject
Global
	GlobalSection(SolutionConfigurationPlatforms) = preSolution
		Debug|Any CPU = Debug|Any CPU
		Release|Any CPU = Release|Any CPU
	EndGlobalSection
	GlobalSection(ProjectConfigurationPlatforms) = postSolution
		{AD847B21-2C2C-42A3-A7BE-8D70B6E14788}.Debug|Any CPU.ActiveCfg = Debug|Any CPU
		{AD847B21-2C2C-42A3-A7BE-8D70B6E14788}.Debug|Any CPU.Build.0 = Debug|Any CPU
		{AD847B21-2C2C-42A3-A7BE-8D70B6E14788}.Release|Any CPU.ActiveCfg = Release|Any CPU
		{AD847B21-2C2C-42A3-A7BE-8D70B6E14788}.Release|Any CPU.Build.0 = Release|Any CPU
	EndGlobalSection
	GlobalSection(SolutionProperties) = preSolution
		HideSolutionNode = FALSE
	EndGlobalSection
	GlobalSection(ExtensibilityGlobals) = postSolution
		SolutionGuid = {D83F60ED-62A5-45BB-93C1-1B4A268A71E1}
	EndGlobalSection
EndGlobal
